
Microsoft Visual Studio Solution File, Format Version 12.00
# Visual Studio Version 16
VisualStudioVersion = 16.0.31129.286
MinimumVisualStudioVersion = 10.0.40219.1
Project("{8BC9CEB8-8B4A-11D0-8D11-00A0C91BC942}") = "2-Listing2-2", "2-Listing2-2\2-Listing2-2.vcxproj", "{4312419D-312C-412E-9CC2-A23DCF087C68}"
EndProject
Global
	GlobalSection(SolutionConfigurationPlatforms) = preSolution
		Debug|x64 = Debug|x64
		Debug|x86 = Debug|x86
		Release|x64 = Release|x64
		Release|x86 = Release|x86
	EndGlobalSection
	GlobalSection(ProjectConfigurationPlatforms) = postSolution
		{4312419D-312C-412E-9CC2-A23DCF087C68}.Debug|x64.ActiveCfg = Debug|x64
		{4312419D-312C-412E-9CC2-A23DCF087C68}.Debug|x64.Build.0 = Debug|x64
		{4312419D-312C-412E-9CC2-A23DCF087C68}.Debug|x86.ActiveCfg = Debug|Win32
		{4312419D-312C-412E-9CC2-A23DCF087C68}.Debug|x86.Build.0 = Debug|Win32
		{4312419D-312C-412E-9CC2-A23DCF087C68}.Release|x64.ActiveCfg = Release|x64
		{4312419D-312C-412E-9CC2-A23DCF087C68}.Release|x64.Build.0 = Release|x64
		{4312419D-312C-412E-9CC2-A23DCF087C68}.Release|x86.ActiveCfg = Release|Win32
		{4312419D-312C-412E-9CC2-A23DCF087C68}.Release|x86.Build.0 = Release|Win32
	EndGlobalSection
	GlobalSection(SolutionProperties) = preSolution
		HideSolutionNode = FALSE
	EndGlobalSection
	GlobalSection(ExtensibilityGlobals) = postSolution
		SolutionGuid = {65947DAC-3850-472F-88F0-AE901D76285A}
	EndGlobalSection
EndGlobal
